
Microsoft Visual Studio Solution File, Format Version 12.00
# Visual Studio Version 17
VisualStudioVersion = 17.10.35122.118
MinimumVisualStudioVersion = 10.0.40219.1
Project("{9A19103F-16F7-4668-BE54-9A1E7A4F7556}") = "Warehouse API", "Warehouse API.csproj", "{374911AA-9472-400A-BEB8-FBFC4E6DDEC6}"
EndProject
Global
	GlobalSection(SolutionConfigurationPlatforms) = preSolution
		Debug|Any CPU = Debug|Any CPU
		Release|Any CPU = Release|Any CPU
	EndGlobalSection
	GlobalSection(ProjectConfigurationPlatforms) = postSolution
		{374911AA-9472-400A-BEB8-FBFC4E6DDEC6}.Debug|Any CPU.ActiveCfg = Debug|Any CPU
		{374911AA-9472-400A-BEB8-FBFC4E6DDEC6}.Debug|Any CPU.Build.0 = Debug|Any CPU
		{374911AA-9472-400A-BEB8-FBFC4E6DDEC6}.Release|Any CPU.ActiveCfg = Release|Any CPU
		{374911AA-9472-400A-BEB8-FBFC4E6DDEC6}.Release|Any CPU.Build.0 = Release|Any CPU
	EndGlobalSection
	GlobalSection(SolutionProperties) = preSolution
		HideSolutionNode = FALSE
	EndGlobalSection
	GlobalSection(ExtensibilityGlobals) = postSolution
		SolutionGuid = {F5A8A15E-98ED-407D-9159-333235C2CE3D}
	EndGlobalSection
EndGlobal
